# This file is autogenerated, do not edit; changes may be undone by the next 'dep ensure'.


[[projects]]
  name = "github.com/dgrijalva/jwt-go"
  packages = ["."]
  revision = "06ea1031745cb8b3dab3f6a236daf2b0aa468b7e"
  version = "v3.2.0"

[[projects]]
  name = "github.com/pkg/errors"
  packages = ["."]
  revision = "645ef00459ed84a119197bfb8d8205042c6df63d"
  version = "v0.8.0"

[[projects]]
  name = "github.com/satori/go.uuid"
  packages = ["."]
  revision = "f58768cc1a7a7e77a3bd49e98cdd21419399b6a3"
  version = "v1.2.0"

[[projects]]
  branch = "master"
  name = "github.com/stephanos/clock"
  packages = ["."]
  revision = "e4ec0ab5053ee441dab6c55d0c3633f275269f72"

[[projects]]
  branch = "master"
  name = "github.com/thales-e-security/erfclient"
  packages = ["."]
  revision = "6bd0a8097c64a44775a2f07a2b50b4d533f532b9"

[[projects]]
  branch = "master"
  name = "github.com/thales-e-security/erfcommon"
  packages = ["."]
  revision = "031b722d97355433c5cfe4170ccb557e7716bcb0"

[[projects]]
  branch = "master"
  name = "github.com/thales-e-security/erfserver"
  packages = ["."]
  revision = "a499d3838fd3d71e7c3a91036a2ef44dd50cae43"

[solve-meta]
  analyzer-name = "dep"
  analyzer-version = 1
  inputs-digest = "f12a86f943592d198264ff6f81629bb1567fa888a0cf380d925b893358d84ed0"
  solver-name = "gps-cdcl"
  solver-version = 1
